{
  "name": "soi-automated-test",
  "version": "1.0.0",
  "lockfileVersion": 1,
  "requires": true,
  "dependencies": {
    "@serialport/binding-abstract": {
      "version": "2.0.4",
      "resolved": "https://registry.npmjs.org/@serialport/binding-abstract/-/binding-abstract-2.0.4.tgz",
      "integrity": "sha512-0ZcSB6Gdxal55R/5McB0O359coXrO/GrmJlZ13cwN67gLsvmhmexCsd8b+H9CQ7dAbLih4HZSbfG9v8crrB0Gg==",
      "requires": {
        "debug": "^4.1.0"
      },
      "dependencies": {
        "debug": {
          "version": "4.1.1",
          "resolved": "https://registry.npmjs.org/debug/-/debug-4.1.1.tgz",
          "integrity": "sha512-pYAIzeRo8J6KPEaJ0VWOh5Pzkbw/RetuzehGM7QRRX5he4fPHx2rdKMB256ehJCkX+XRQm16eZLqLNS8RSZXZw==",
          "requires": {
            "ms": "^2.1.1"
          }
        }
      }
    },
    "@serialport/binding-mock": {
      "version": "2.0.4",
      "resolved": "https://registry.npmjs.org/@serialport/binding-mock/-/binding-mock-2.0.4.tgz",
      "integrity": "sha512-7c2dzVwwQIZKk+NFqC1mG0sTAwWR/GJY/4QbTn1Au3TnXhTj8nESYW/dURwsq6dGyl8+ZIPpKlRNu5Pr2tNxAQ==",
      "requires": {
        "@serialport/binding-abstract": "^2.0.4",
        "debug": "^4.1.0"
      },
      "dependencies": {
        "debug": {
          "version": "4.1.1",
          "resolved": "https://registry.npmjs.org/debug/-/debug-4.1.1.tgz",
          "integrity": "sha512-pYAIzeRo8J6KPEaJ0VWOh5Pzkbw/RetuzehGM7QRRX5he4fPHx2rdKMB256ehJCkX+XRQm16eZLqLNS8RSZXZw==",
          "requires": {
            "ms": "^2.1.1"
          }
        }
      }
    },
    "@serialport/parser-byte-length": {
      "version": "2.0.2",
      "resolved": "https://registry.npmjs.org/@serialport/parser-byte-length/-/parser-byte-length-2.0.2.tgz",
      "integrity": "sha512-cUOprk1uRLucCJy6m+wAM4pwdBaB5D4ySi6juwRScP9DTjKUvGWYj5jzuqvftFBvYFmFza89aLj5K23xiiqj7Q=="
    },
    "@serialport/parser-cctalk": {
      "version": "2.0.2",
      "resolved": "https://registry.npmjs.org/@serialport/parser-cctalk/-/parser-cctalk-2.0.2.tgz",
      "integrity": "sha512-5LMysRv7De+TeeoKzi4+sgouD4tqZEAn1agAVevw+7ILM0m30i1zgZLtchgxtCH7OoQRAkENEVEPc0OwhghKgw=="
    },
    "@serialport/parser-delimiter": {
      "version": "2.0.2",
      "resolved": "https://registry.npmjs.org/@serialport/parser-delimiter/-/parser-delimiter-2.0.2.tgz",
      "integrity": "sha512-zB02LahFfyZmJqak9l37vP/F1K+KCUxd1KQj35OhD1+0q/unMjVTZmsfkxFSM4gkaxP9j7+8USk+LQJ3V8U26Q=="
    },
    "@serialport/parser-readline": {
      "version": "2.0.2",
      "resolved": "https://registry.npmjs.org/@serialport/parser-readline/-/parser-readline-2.0.2.tgz",
      "integrity": "sha512-thL26dGEHB+eINNydJmzcLLhiqcBQkF+wNTbRaYblTP/6dm7JsfjYSud7bTkN63AgE0xpe9tKXBFqc8zgJ1VKg==",
      "requires": {
        "@serialport/parser-delimiter": "^2.0.2"
      }
    },
    "@serialport/parser-ready": {
      "version": "2.0.2",
      "resolved": "https://registry.npmjs.org/@serialport/parser-ready/-/parser-ready-2.0.2.tgz",
      "integrity": "sha512-6ynQ+HIIkFQcEO2Hrq4Qmdz+hlJ7kjTHGQ1E7SRN7f70nnys1v3HSke8mjK3RzVw+SwL0rBYjftUdCTrU+7c+Q=="
    },
    "@serialport/parser-regex": {
      "version": "2.0.2",
      "resolved": "https://registry.npmjs.org/@serialport/parser-regex/-/parser-regex-2.0.2.tgz",
      "integrity": "sha512-7qjYd7AdHUK8fJOmHpXlMRipqRCVMMyDFyf/5TQQiOt6q+BiFjLOtSpVXhakHwgnXanzDYKeRSB8zM0pZZg+LA=="
    },
    "@serialport/stream": {
      "version": "2.0.4",
      "resolved": "https://registry.npmjs.org/@serialport/stream/-/stream-2.0.4.tgz",
      "integrity": "sha512-x1OzTGGTA/ioE/wx7sM11KVxkZr5MqZNVTQXezl6wySCl5BkQTj1nc37e99p6aRQjMxAoY8BfIDJKXWwT5LSsA==",
      "requires": {
        "@serialport/binding-mock": "^2.0.4",
        "debug": "^4.1.0"
      },
      "dependencies": {
        "debug": {
          "version": "4.1.1",
          "resolved": "https://registry.npmjs.org/debug/-/debug-4.1.1.tgz",
          "integrity": "sha512-pYAIzeRo8J6KPEaJ0VWOh5Pzkbw/RetuzehGM7QRRX5he4fPHx2rdKMB256ehJCkX+XRQm16eZLqLNS8RSZXZw==",
          "requires": {
            "ms": "^2.1.1"
          }
        }
      }
    },
    "ms": {
      "version": "2.1.1",
      "resolved": "https://registry.npmjs.org/ms/-/ms-2.1.1.tgz",
      "integrity": "sha512-tgp+dl5cGk28utYktBsrFqA7HKgrhgPsg6Z/EfhWI4gl1Hwq8B/GmY/0oXZ6nF8hDVesS/FpnYaD/kOWhYQvyg=="
    },
    "net": {
      "version": "1.0.2",
      "resolved": "https://registry.npmjs.org/net/-/net-1.0.2.tgz",
      "integrity": "sha1-0XV+yaf7I3HYPPR1XOPifhCCk4g="
    },
    "net-socket": {
      "version": "1.1.0",
      "resolved": "https://registry.npmjs.org/net-socket/-/net-socket-1.1.0.tgz",
      "integrity": "sha1-x2SglVYQKSZy8YJW2xKn+aCNACY=",
      "requires": {
        "delegates": "^0.1.0"
      },
      "dependencies": {
        "delegates": {
          "version": "0.1.0",
          "resolved": "https://registry.npmjs.org/delegates/-/delegates-0.1.0.tgz",
          "integrity": "sha1-tLV74RoWU1F6BLJ/CUm9wyff45A="
        }
      }
    },
    "serialport": {
      "version": "file:https:/registry.npmjs.org/serialport/-/serialport-7.1.4.tgz",
      "integrity": "sha512-noYd5lfK5MZfyiuCx4o/3s/iaS076HaWDjmhsGJSfdNCGnxfVfDKQBK6xmXbtSlaJAwV7BPU12p844OTzHoA+Q==",
      "requires": {
        "@serialport/binding-mock": "^2.0.4",
        "@serialport/parser-byte-length": "^2.0.2",
        "@serialport/parser-cctalk": "^2.0.2",
        "@serialport/parser-delimiter": "^2.0.2",
        "@serialport/parser-readline": "^2.0.2",
        "@serialport/parser-ready": "^2.0.2",
        "@serialport/parser-regex": "^2.0.2",
        "@serialport/stream": "^2.0.4",
        "debug": "^4.1.0"
      },
      "dependencies": {
        "debug": {
          "version": "4.1.1",
          "bundled": true,
          "requires": {
            "ms": "^2.1.1"
          }
        }
      }
    }
  }
}
